{
    "name": "button-click-limit",
    "version": "1.0.0",
    "lockfileVersion": 2,
    "dependencies": {
      "dotenv": {
        "version": "10.0.0",
        "resolved": "https://registry.npmjs.org/dotenv/-/dotenv-10.0.0.tgz",
        "integrity": "sha512-+2IuS2T3eL5udItZAY9TbyNPS7l4wrTHzzEzhYhbwWlf7r4YZgIcGlWJ2AfV5a8mAFNKYV1EOwI9uN5wmXjtfA==",
        "dev": true
      },
      "express": {
        "version": "4.18.2",
        "resolved": "https://registry.npmjs.org/express/-/express-4.18.2.tgz",
        "integrity": "sha512-oWfgo3nG6XHrdNYwzFXOByOTsDkdB2zQo2r2lHmf3wEd2hnGRQF6Hg2/fcL0BdG97pt99mB0ShAVT6mskT0kgw==",
        "dev": false,
        "engines": {
          "node": ">= 6.0.0"
        },
        "dependencies": {
          "accepts": {
            "version": "1.3.8",
            "resolved": "https://registry.npmjs.org/accepts/-/accepts-1.3.8.tgz",
            "integrity": "sha512-4z0qPbx6o1PfgHNVzF9zHVmd5Q+paT9plShgAmnfnP1BwA5zNolXYy3lg7ZgHJl6sISl1V8y3ChLwpVovRbmvw=="
          },
          "array-flatten": {
            "version": "1.1.1",
            "resolved": "https://registry.npmjs.org/array-flatten/-/array-flatten-1.1.1.tgz",
            "integrity": "sha512-FQhYzskcyv0jHGFzvnmFk5b6aF5wZaD4HnEZ00olCZSY7EC1KURhhMQpf9jFbsRPX0nG0bX8zzOImo5BB5c6dQ=="
          },
          "body-parser": {
            "version": "1.20.1",
            "resolved": "https://registry.npmjs.org/body-parser/-/body-parser-1.20.1.tgz",
            "integrity": "sha512-zKROfo1b0k5CwfHYWgTy8vVtA44ZOBRebmHbV0CBg5zw6PAqlA1cLz03Fi8P1wtmJ2w65VvquXtR3hdoKTlY2g=="
          },
          "cookie": {
            "version": "0.4.1",
            "resolved": "https://registry.npmjs.org/cookie/-/cookie-0.4.1.tgz",
            "integrity": "sha512-KwD+RpoXw63uOZYHhzM7zlfk3t3w7W6Zp1PS4HpmghnnJ75O23lD/HJMiEK3lPvK9rh5JON0DtjPMnbIS9z9zw=="
          },
          "cookie-signature": {
            "version": "1.0.6",
            "resolved": "https://registry.npmjs.org/cookie-signature/-/cookie-signature-1.0.6.tgz",
            "integrity": "sha512-mVlk1F88gHgJtRZ6brdrG4y6J1c7SmHf25c7z02v1O1a5H4mYNiT49dY1Rztng4MvN6qfGOxxwBcpwFVKofFNg=="
          },
          "debug": {
            "version": "4.3.4",
            "resolved": "https://registry.npmjs.org/debug/-/debug-4.3.4.tgz",
            "integrity": "sha512-F4Lg6aWnAeFcfo5mOXYvlOp7AZ+a5Rdp8cJwxr8e7QFjkhFcjXyL2Z9pD1l56Cav6e8oyJ1tHn0m9ST34vefaA=="
          },
          "depd": {
            "version": "1.1.2",
            "resolved": "https://registry.npmjs.org/depd/-/depd-1.1.2.tgz",
            "integrity": "sha512-JwdMw0s6QElYY6zrmEXyZ6ygzbdAw+EATz/q/Vn3Oq3X1k9s/Z98a/M9VoTe8KM2vjl4bm1iF05a3vlfMQlR5w=="
          },
          "encodeurl": {
            "version": "1.0.2",
            "resolved": "https://registry.npmjs.org/encodeurl/-/encodeurl-1.0.2.tgz",
            "integrity": "sha512-s9IUl16YUbJ3PpUbEzXK+vj0lRzfzdsV43VpE8lhhd7abEvT7loKciyhtuwXkZ6Wx+qZTJX3/Ztt7DbDKdo3v1A=="
          },
          "escape-html": {
            "version": "1.0.3",
            "resolved": "https://registry.npmjs.org/escape-html/-/escape-html-1.0.3.tgz",
            "integrity": "sha512-1D15wFf27es6pESuCtyzv60eGx0ImM2jyqVVo0Zj0YOA3czGVVX9uh6jf3d+w+cqptdpp5r7F6gBFp0d8Fw7qg=="
          }
        }
      },
      "pg": {
        "version": "8.7.1",
        "resolved": "https://registry.npmjs.org/pg/-/pg-8.7.1.tgz",
        "integrity": "sha512-HXufX76r5b5l7Gn2cI1oyf8vCUGz6VEdxpFPT67Rdsbo58+oQ4xIwvbb9d1Bo4sO8kQ2K1hpQ8Bz6xFO/mcbbFw==",
        "dev": false
      }
    }
  }
  