{
    "name": "simple-http-app",
    "version": "1.0.0",
    "lockfileVersion": 2,
    "dependencies": {
      "http": {
        "version": "0.0.1",
        "resolved": "https://registry.npmjs.org/http/-/http-0.0.1.tgz",
        "integrity": "sha512-JvNnzw9SK9C1sWTZ2Zq1hPb0ke93pVsmidHJt4nP7Es8Hn0Ia2X4OZ1odAogD8A5nROq7HfvSfiZYtQq2gqEDw=="
      }
    }
  }
  